
Microsoft Visual Studio Solution File, Format Version 12.00
# Visual Studio Version 17
VisualStudioVersion = 17.7.34202.233
MinimumVisualStudioVersion = 10.0.40219.1
Project("{FAE04EC0-301F-11D3-BF4B-00C04F79EFBC}") = "AbstractClasses", "AbstractClasses\AbstractClasses.csproj", "{66ADE7F2-D38D-44D4-9F4B-AFA7799E3EAC}"
EndProject
Global
	GlobalSection(SolutionConfigurationPlatforms) = preSolution
		Debug|Any CPU = Debug|Any CPU
		Release|Any CPU = Release|Any CPU
	EndGlobalSection
	GlobalSection(ProjectConfigurationPlatforms) = postSolution
		{66ADE7F2-D38D-44D4-9F4B-AFA7799E3EAC}.Debug|Any CPU.ActiveCfg = Debug|Any CPU
		{66ADE7F2-D38D-44D4-9F4B-AFA7799E3EAC}.Debug|Any CPU.Build.0 = Debug|Any CPU
		{66ADE7F2-D38D-44D4-9F4B-AFA7799E3EAC}.Release|Any CPU.ActiveCfg = Release|Any CPU
		{66ADE7F2-D38D-44D4-9F4B-AFA7799E3EAC}.Release|Any CPU.Build.0 = Release|Any CPU
	EndGlobalSection
	GlobalSection(SolutionProperties) = preSolution
		HideSolutionNode = FALSE
	EndGlobalSection
	GlobalSection(ExtensibilityGlobals) = postSolution
		SolutionGuid = {C553B113-5A3B-49A3-993B-A32DDA3C3118}
	EndGlobalSection
EndGlobal
